<Solution>
  <Folder Name="/src/">
    <Project Path="src/TokenObservability.Api/TokenObservability.Api.csproj" />
    <Project Path="src/TokenObservability.Contracts/TokenObservability.Contracts.csproj" />
    <Project Path="src/TokenObservability.Domain/TokenObservability.Domain.csproj" />
    <Project Path="src/TokenObservability.Infrastructure/TokenObservability.Infrastructure.csproj" />
    <Project Path="src/TokenObservability.Ingestion/TokenObservability.Ingestion.csproj" />
    <Project Path="src/TokenObservability.Jobs/TokenObservability.Jobs.csproj" />
  </Folder>
  <Folder Name="/tests/">
    <Project Path="tests/TokenObservability.Runtime.Tests/TokenObservability.Runtime.Tests.csproj" />
    <Project Path="tests/TokenObservability.Skeleton.Tests/TokenObservability.Skeleton.Tests.csproj" />
  </Folder>
</Solution>
